// !$*UTF8*$!
{
	archiveVersion = 1;
	classes = {
	};
	objectVersion = 46;
	objects = {

/* Begin PBXBuildFile section */
		19AC230D0565DA35020E043F /* globals.swift in Sources */ = {isa = PBXBuildFile; fileRef = 19AC29E6C3B1BEABFE303E77 /* globals.swift */; };
		19AC23E6DA91D4CBCD300711 /* format.swift in Sources */ = {isa = PBXBuildFile; fileRef = 19AC2BD556DD806AE6143552 /* format.swift */; };
		19AC28EAD47F89AFA306E684 /* converters.swift in Sources */ = {isa = PBXBuildFile; fileRef = 19AC2462768AC24FEEE2DAE2 /* converters.swift */; };
		19AC2D773CDAE986F87347FD /* extensions.swift in Sources */ = {isa = PBXBuildFile; fileRef = 19AC2CEDEB0F4694975E7B39 /* extensions.swift */; };
		19AC2F0EFC375674F1A3E1A0 /* jsonconverter.swift in Sources */ = {isa = PBXBuildFile; fileRef = 19AC2D82CFD7C430705FCE65 /* jsonconverter.swift */; };
		49D110571EE6514400F93411 /* main.swift in Sources */ = {isa = PBXBuildFile; fileRef = 49D110561EE6514400F93411 /* main.swift */; };
		49D1105E1EE655F000F93411 /* process.swift in Sources */ = {isa = PBXBuildFile; fileRef = 49D1105D1EE655F000F93411 /* process.swift */; };
/* End PBXBuildFile section */

/* Begin PBXCopyFilesBuildPhase section */
		49D110511EE6514400F93411 /* CopyFiles */ = {
			isa = PBXCopyFilesBuildPhase;
			buildActionMask = 2147483647;
			dstPath = /usr/share/man/man1/;
			dstSubfolderSpec = 0;
			files = (
			);
			runOnlyForDeploymentPostprocessing = 1;
		};
/* End PBXCopyFilesBuildPhase section */

/* Begin PBXFileReference section */
		19AC2462768AC24FEEE2DAE2 /* converters.swift */ = {isa = PBXFileReference; fileEncoding = 4; lastKnownFileType = sourcecode.swift; path = converters.swift; sourceTree = "<group>"; };
		19AC29E6C3B1BEABFE303E77 /* globals.swift */ = {isa = PBXFileReference; fileEncoding = 4; lastKnownFileType = sourcecode.swift; path = globals.swift; sourceTree = "<group>"; };
		19AC2BD556DD806AE6143552 /* format.swift */ = {isa = PBXFileReference; fileEncoding = 4; lastKnownFileType = sourcecode.swift; path = format.swift; sourceTree = "<group>"; };
		19AC2CEDEB0F4694975E7B39 /* extensions.swift */ = {isa = PBXFileReference; fileEncoding = 4; lastKnownFileType = sourcecode.swift; path = extensions.swift; sourceTree = "<group>"; };
		19AC2D82CFD7C430705FCE65 /* jsonconverter.swift */ = {isa = PBXFileReference; fileEncoding = 4; lastKnownFileType = sourcecode.swift; path = jsonconverter.swift; sourceTree = "<group>"; };
		49D110531EE6514400F93411 /* mdlse */ = {isa = PBXFileReference; explicitFileType = "compiled.mach-o.executable"; includeInIndex = 0; path = mdlse; sourceTree = BUILT_PRODUCTS_DIR; };
		49D110561EE6514400F93411 /* main.swift */ = {isa = PBXFileReference; lastKnownFileType = sourcecode.swift; path = main.swift; sourceTree = "<group>"; };
		49D1105D1EE655F000F93411 /* process.swift */ = {isa = PBXFileReference; fileEncoding = 4; lastKnownFileType = sourcecode.swift; path = process.swift; sourceTree = "<group>"; };
/* End PBXFileReference section */

/* Begin PBXFrameworksBuildPhase section */
		49D110501EE6514400F93411 /* Frameworks */ = {
			isa = PBXFrameworksBuildPhase;
			buildActionMask = 2147483647;
			files = (
			);
			runOnlyForDeploymentPostprocessing = 0;
		};
/* End PBXFrameworksBuildPhase section */

/* Begin PBXGroup section */
		49D1104A1EE6514400F93411 = {
			isa = PBXGroup;
			children = (
				49D110551EE6514400F93411 /* mdlse */,
				49D110541EE6514400F93411 /* Products */,
			);
			sourceTree = "<group>";
		};
		49D110541EE6514400F93411 /* Products */ = {
			isa = PBXGroup;
			children = (
				49D110531EE6514400F93411 /* mdlse */,
			);
			name = Products;
			sourceTree = "<group>";
		};
		49D110551EE6514400F93411 /* mdlse */ = {
			isa = PBXGroup;
			children = (
				49D110561EE6514400F93411 /* main.swift */,
				49D1105D1EE655F000F93411 /* process.swift */,
				19AC2BD556DD806AE6143552 /* format.swift */,
				19AC2CEDEB0F4694975E7B39 /* extensions.swift */,
				19AC2462768AC24FEEE2DAE2 /* converters.swift */,
				19AC29E6C3B1BEABFE303E77 /* globals.swift */,
				19AC2D82CFD7C430705FCE65 /* jsonconverter.swift */,
			);
			path = mdlse;
			sourceTree = "<group>";
		};
/* End PBXGroup section */

/* Begin PBXNativeTarget section */
		49D110521EE6514400F93411 /* mdlse */ = {
			isa = PBXNativeTarget;
			buildConfigurationList = 49D1105A1EE6514400F93411 /* Build configuration list for PBXNativeTarget "mdlse" */;
			buildPhases = (
				49D1104F1EE6514400F93411 /* Sources */,
				49D110501EE6514400F93411 /* Frameworks */,
				49D110511EE6514400F93411 /* CopyFiles */,
			);
			buildRules = (
			);
			dependencies = (
			);
			name = mdlse;
			productName = mdlse;
			productReference = 49D110531EE6514400F93411 /* mdlse */;
			productType = "com.apple.product-type.tool";
		};
/* End PBXNativeTarget section */

/* Begin PBXProject section */
		49D1104B1EE6514400F93411 /* Project object */ = {
			isa = PBXProject;
			attributes = {
				LastSwiftUpdateCheck = 0820;
				LastUpgradeCheck = 0820;
				ORGANIZATIONNAME = "Glenn R. Martin";
				TargetAttributes = {
					49D110521EE6514400F93411 = {
						CreatedOnToolsVersion = 8.2.1;
						ProvisioningStyle = Automatic;
					};
				};
			};
			buildConfigurationList = 49D1104E1EE6514400F93411 /* Build configuration list for PBXProject "mdlse" */;
			compatibilityVersion = "Xcode 3.2";
			developmentRegion = English;
			hasScannedForEncodings = 0;
			knownRegions = (
				en,
			);
			mainGroup = 49D1104A1EE6514400F93411;
			productRefGroup = 49D110541EE6514400F93411 /* Products */;
			projectDirPath = "";
			projectRoot = "";
			targets = (
				49D110521EE6514400F93411 /* mdlse */,
			);
		};
/* End PBXProject section */

/* Begin PBXSourcesBuildPhase section */
		49D1104F1EE6514400F93411 /* Sources */ = {
			isa = PBXSourcesBuildPhase;
			buildActionMask = 2147483647;
			files = (
				49D110571EE6514400F93411 /* main.swift in Sources */,
				49D1105E1EE655F000F93411 /* process.swift in Sources */,
				19AC23E6DA91D4CBCD300711 /* format.swift in Sources */,
				19AC2D773CDAE986F87347FD /* extensions.swift in Sources */,
				19AC28EAD47F89AFA306E684 /* converters.swift in Sources */,
				19AC230D0565DA35020E043F /* globals.swift in Sources */,
				19AC2F0EFC375674F1A3E1A0 /* jsonconverter.swift in Sources */,
			);
			runOnlyForDeploymentPostprocessing = 0;
		};
/* End PBXSourcesBuildPhase section */

/* Begin XCBuildConfiguration section */
		49D110581EE6514400F93411 /* Debug */ = {
			isa = XCBuildConfiguration;
			buildSettings = {
				ALWAYS_SEARCH_USER_PATHS = NO;
				CLANG_ANALYZER_NONNULL = YES;
				CLANG_CXX_LANGUAGE_STANDARD = "gnu++0x";
				CLANG_CXX_LIBRARY = "libc++";
				CLANG_ENABLE_MODULES = YES;
				CLANG_ENABLE_OBJC_ARC = YES;
				CLANG_WARN_BOOL_CONVERSION = YES;
				CLANG_WARN_CONSTANT_CONVERSION = YES;
				CLANG_WARN_DIRECT_OBJC_ISA_USAGE = YES_ERROR;
				CLANG_WARN_DOCUMENTATION_COMMENTS = YES;
				CLANG_WARN_EMPTY_BODY = YES;
				CLANG_WARN_ENUM_CONVERSION = YES;
				CLANG_WARN_INFINITE_RECURSION = YES;
				CLANG_WARN_INT_CONVERSION = YES;
				CLANG_WARN_OBJC_ROOT_CLASS = YES_ERROR;
				CLANG_WARN_SUSPICIOUS_MOVE = YES;
				CLANG_WARN_UNREACHABLE_CODE = YES;
				CLANG_WARN__DUPLICATE_METHOD_MATCH = YES;
				CODE_SIGN_IDENTITY = "-";
				COPY_PHASE_STRIP = NO;
				DEBUG_INFORMATION_FORMAT = dwarf;
				ENABLE_STRICT_OBJC_MSGSEND = YES;
				ENABLE_TESTABILITY = YES;
				GCC_C_LANGUAGE_STANDARD = gnu99;
				GCC_DYNAMIC_NO_PIC = NO;
				GCC_NO_COMMON_BLOCKS = YES;
				GCC_OPTIMIZATION_LEVEL = 0;
				GCC_PREPROCESSOR_DEFINITIONS = (
					"DEBUG=1",
					"$(inherited)",
				);
				GCC_WARN_64_TO_32_BIT_CONVERSION = YES;
				GCC_WARN_ABOUT_RETURN_TYPE = YES_ERROR;
				GCC_WARN_UNDECLARED_SELECTOR = YES;
				GCC_WARN_UNINITIALIZED_AUTOS = YES_AGGRESSIVE;
				GCC_WARN_UNUSED_FUNCTION = YES;
				GCC_WARN_UNUSED_VARIABLE = YES;
				MACOSX_DEPLOYMENT_TARGET = 10.12;
				MTL_ENABLE_DEBUG_INFO = YES;
				ONLY_ACTIVE_ARCH = YES;
				SDKROOT = macosx;
				SWIFT_OPTIMIZATION_LEVEL = "-Onone";
			};
			name = Debug;
		};
		49D110591EE6514400F93411 /* Release */ = {
			isa = XCBuildConfiguration;
			buildSettings = {
				ALWAYS_SEARCH_USER_PATHS = NO;
				CLANG_ANALYZER_NONNULL = YES;
				CLANG_CXX_LANGUAGE_STANDARD = "gnu++0x";
				CLANG_CXX_LIBRARY = "libc++";
				CLANG_ENABLE_MODULES = YES;
				CLANG_ENABLE_OBJC_ARC = YES;
				CLANG_WARN_BOOL_CONVERSION = YES;
				CLANG_WARN_CONSTANT_CONVERSION = YES;
				CLANG_WARN_DIRECT_OBJC_ISA_USAGE = YES_ERROR;
				CLANG_WARN_DOCUMENTATION_COMMENTS = YES;
				CLANG_WARN_EMPTY_BODY = YES;
				CLANG_WARN_ENUM_CONVERSION = YES;
				CLANG_WARN_INFINITE_RECURSION = YES;
				CLANG_WARN_INT_CONVERSION = YES;
				CLANG_WARN_OBJC_ROOT_CLASS = YES_ERROR;
				CLANG_WARN_SUSPICIOUS_MOVE = YES;
				CLANG_WARN_UNREACHABLE_CODE = YES;
				CLANG_WARN__DUPLICATE_METHOD_MATCH = YES;
				CODE_SIGN_IDENTITY = "-";
				COPY_PHASE_STRIP = NO;
				DEBUG_INFORMATION_FORMAT = "dwarf-with-dsym";
				ENABLE_NS_ASSERTIONS = NO;
				ENABLE_STRICT_OBJC_MSGSEND = YES;
				GCC_C_LANGUAGE_STANDARD = gnu99;
				GCC_NO_COMMON_BLOCKS = YES;
				GCC_WARN_64_TO_32_BIT_CONVERSION = YES;
				GCC_WARN_ABOUT_RETURN_TYPE = YES_ERROR;
				GCC_WARN_UNDECLARED_SELECTOR = YES;
				GCC_WARN_UNINITIALIZED_AUTOS = YES_AGGRESSIVE;
				GCC_WARN_UNUSED_FUNCTION = YES;
				GCC_WARN_UNUSED_VARIABLE = YES;
				MACOSX_DEPLOYMENT_TARGET = 10.12;
				MTL_ENABLE_DEBUG_INFO = NO;
				SDKROOT = macosx;
			};
			name = Release;
		};
		49D1105B1EE6514400F93411 /* Debug */ = {
			isa = XCBuildConfiguration;
			buildSettings = {
				ALWAYS_EMBED_SWIFT_STANDARD_LIBRARIES = NO;
				PRODUCT_NAME = "$(TARGET_NAME)";
				SWIFT_VERSION = 3.0;
			};
			name = Debug;
		};
		49D1105C1EE6514400F93411 /* Release */ = {
			isa = XCBuildConfiguration;
			buildSettings = {
				ALWAYS_EMBED_SWIFT_STANDARD_LIBRARIES = NO;
				PRODUCT_NAME = "$(TARGET_NAME)";
				SWIFT_VERSION = 3.0;
			};
			name = Release;
		};
/* End XCBuildConfiguration section */

/* Begin XCConfigurationList section */
		49D1104E1EE6514400F93411 /* Build configuration list for PBXProject "mdlse" */ = {
			isa = XCConfigurationList;
			buildConfigurations = (
				49D110581EE6514400F93411 /* Debug */,
				49D110591EE6514400F93411 /* Release */,
			);
			defaultConfigurationIsVisible = 0;
			defaultConfigurationName = Release;
		};
		49D1105A1EE6514400F93411 /* Build configuration list for PBXNativeTarget "mdlse" */ = {
			isa = XCConfigurationList;
			buildConfigurations = (
				49D1105B1EE6514400F93411 /* Debug */,
				49D1105C1EE6514400F93411 /* Release */,
			);
			defaultConfigurationIsVisible = 0;
			defaultConfigurationName = Release;
		};
/* End XCConfigurationList section */
	};
	rootObject = 49D1104B1EE6514400F93411 /* Project object */;
}
